
Microsoft Visual Studio Solution File, Format Version 11.00
# Visual Studio 2010
Project("{FAE04EC0-301F-11D3-BF4B-00C04F79EFBC}") = "BookingWebUI", "BookingWebUI\BookingWebUI.csproj", "{B83C3621-ED80-4DA6-A9D4-DACD23D701E2}"
EndProject
Project("{FAE04EC0-301F-11D3-BF4B-00C04F79EFBC}") = "BookingWebModel.UnitTest", "BookingWebModel.UnitTest\BookingWebModel.UnitTest.csproj", "{D33B842D-25C1-4F1C-9600-53D87B996E86}"
EndProject
Project("{FAE04EC0-301F-11D3-BF4B-00C04F79EFBC}") = "BookingWebModel", "BookingWebModel\BookingWebModel.csproj", "{0477B1CF-B675-4303-9C9B-509D81C2D3B9}"
EndProject
Project("{FAE04EC0-301F-11D3-BF4B-00C04F79EFBC}") = "BookingDomainModel.UnitTest", "BookingDomainModel.UnitTest\BookingDomainModel.UnitTest.csproj", "{A5300487-CA6D-478C-A033-2FF981594CE8}"
EndProject
Global
	GlobalSection(SolutionConfigurationPlatforms) = preSolution
		Debug|Any CPU = Debug|Any CPU
		Release|Any CPU = Release|Any CPU
	EndGlobalSection
	GlobalSection(ProjectConfigurationPlatforms) = postSolution
		{B83C3621-ED80-4DA6-A9D4-DACD23D701E2}.Debug|Any CPU.ActiveCfg = Debug|Any CPU
		{B83C3621-ED80-4DA6-A9D4-DACD23D701E2}.Debug|Any CPU.Build.0 = Debug|Any CPU
		{B83C3621-ED80-4DA6-A9D4-DACD23D701E2}.Release|Any CPU.ActiveCfg = Release|Any CPU
		{B83C3621-ED80-4DA6-A9D4-DACD23D701E2}.Release|Any CPU.Build.0 = Release|Any CPU
		{D33B842D-25C1-4F1C-9600-53D87B996E86}.Debug|Any CPU.ActiveCfg = Debug|Any CPU
		{D33B842D-25C1-4F1C-9600-53D87B996E86}.Debug|Any CPU.Build.0 = Debug|Any CPU
		{D33B842D-25C1-4F1C-9600-53D87B996E86}.Release|Any CPU.ActiveCfg = Release|Any CPU
		{D33B842D-25C1-4F1C-9600-53D87B996E86}.Release|Any CPU.Build.0 = Release|Any CPU
		{0477B1CF-B675-4303-9C9B-509D81C2D3B9}.Debug|Any CPU.ActiveCfg = Debug|Any CPU
		{0477B1CF-B675-4303-9C9B-509D81C2D3B9}.Debug|Any CPU.Build.0 = Debug|Any CPU
		{0477B1CF-B675-4303-9C9B-509D81C2D3B9}.Release|Any CPU.ActiveCfg = Release|Any CPU
		{0477B1CF-B675-4303-9C9B-509D81C2D3B9}.Release|Any CPU.Build.0 = Release|Any CPU
		{A5300487-CA6D-478C-A033-2FF981594CE8}.Debug|Any CPU.ActiveCfg = Debug|Any CPU
		{A5300487-CA6D-478C-A033-2FF981594CE8}.Debug|Any CPU.Build.0 = Debug|Any CPU
		{A5300487-CA6D-478C-A033-2FF981594CE8}.Release|Any CPU.ActiveCfg = Release|Any CPU
		{A5300487-CA6D-478C-A033-2FF981594CE8}.Release|Any CPU.Build.0 = Release|Any CPU
	EndGlobalSection
	GlobalSection(SolutionProperties) = preSolution
		HideSolutionNode = FALSE
	EndGlobalSection
EndGlobal
